
Microsoft Visual Studio Solution File, Format Version 12.00
# Visual Studio Version 17
VisualStudioVersion = 17.3.32825.248
MinimumVisualStudioVersion = 10.0.40219.1
Project("{FAE04EC0-301F-11D3-BF4B-00C04F79EFBC}") = "Bai1", "Bai1.csproj", "{61A6680F-93A4-42A9-AD96-8D544B31D2C7}"
EndProject
Project("{FAE04EC0-301F-11D3-BF4B-00C04F79EFBC}") = "Bai2", "..\Bai2++\Bai2.csproj", "{5DDE88E1-B0DB-470F-AEE9-B8290C76B962}"
EndProject
Project("{FAE04EC0-301F-11D3-BF4B-00C04F79EFBC}") = "Bai3", "..\Bai3\Bai3.csproj", "{C9A582C5-EFD8-4077-9B32-8F956F9F0C8E}"
EndProject
Global
	GlobalSection(SolutionConfigurationPlatforms) = preSolution
		Debug|Any CPU = Debug|Any CPU
		Release|Any CPU = Release|Any CPU
	EndGlobalSection
	GlobalSection(ProjectConfigurationPlatforms) = postSolution
		{61A6680F-93A4-42A9-AD96-8D544B31D2C7}.Debug|Any CPU.ActiveCfg = Debug|Any CPU
		{61A6680F-93A4-42A9-AD96-8D544B31D2C7}.Debug|Any CPU.Build.0 = Debug|Any CPU
		{61A6680F-93A4-42A9-AD96-8D544B31D2C7}.Release|Any CPU.ActiveCfg = Release|Any CPU
		{61A6680F-93A4-42A9-AD96-8D544B31D2C7}.Release|Any CPU.Build.0 = Release|Any CPU
		{5DDE88E1-B0DB-470F-AEE9-B8290C76B962}.Debug|Any CPU.ActiveCfg = Debug|Any CPU
		{5DDE88E1-B0DB-470F-AEE9-B8290C76B962}.Debug|Any CPU.Build.0 = Debug|Any CPU
		{5DDE88E1-B0DB-470F-AEE9-B8290C76B962}.Release|Any CPU.ActiveCfg = Release|Any CPU
		{5DDE88E1-B0DB-470F-AEE9-B8290C76B962}.Release|Any CPU.Build.0 = Release|Any CPU
		{C9A582C5-EFD8-4077-9B32-8F956F9F0C8E}.Debug|Any CPU.ActiveCfg = Debug|Any CPU
		{C9A582C5-EFD8-4077-9B32-8F956F9F0C8E}.Debug|Any CPU.Build.0 = Debug|Any CPU
		{C9A582C5-EFD8-4077-9B32-8F956F9F0C8E}.Release|Any CPU.ActiveCfg = Release|Any CPU
		{C9A582C5-EFD8-4077-9B32-8F956F9F0C8E}.Release|Any CPU.Build.0 = Release|Any CPU
	EndGlobalSection
	GlobalSection(SolutionProperties) = preSolution
		HideSolutionNode = FALSE
	EndGlobalSection
	GlobalSection(ExtensibilityGlobals) = postSolution
		SolutionGuid = {AE96408A-E6E4-4AB4-B896-8ED8F82A04CE}
	EndGlobalSection
EndGlobal
